
Microsoft Visual Studio Solution File, Format Version 12.00
# Visual Studio Version 17
VisualStudioVersion = 17.7.34003.232
MinimumVisualStudioVersion = 10.0.40219.1
Project("{FAE04EC0-301F-11D3-BF4B-00C04F79EFBC}") = "GenshinTimeSplitter", "GenshinTimeSplitter\GenshinTimeSplitter.csproj", "{0CEC2C02-C9EC-485A-8B25-26365134D2FE}"
EndProject
Project("{FAE04EC0-301F-11D3-BF4B-00C04F79EFBC}") = "GenshinTimeSplitterLib", "GenshinTimeSplitterLib\GenshinTimeSplitterLib.csproj", "{F15A0073-9FB2-4915-9C22-6F39F137172B}"
EndProject
Project("{FAE04EC0-301F-11D3-BF4B-00C04F79EFBC}") = "CLI", "CLI\CLI.csproj", "{76FE56EB-3664-401A-9000-5F248C0160C3}"
EndProject
Global
	GlobalSection(SolutionConfigurationPlatforms) = preSolution
		Debug|ARM64 = Debug|ARM64
		Debug|x64 = Debug|x64
		Release|ARM64 = Release|ARM64
		Release|x64 = Release|x64
	EndGlobalSection
	GlobalSection(ProjectConfigurationPlatforms) = postSolution
		{0CEC2C02-C9EC-485A-8B25-26365134D2FE}.Debug|ARM64.ActiveCfg = Debug|ARM64
		{0CEC2C02-C9EC-485A-8B25-26365134D2FE}.Debug|ARM64.Build.0 = Debug|ARM64
		{0CEC2C02-C9EC-485A-8B25-26365134D2FE}.Debug|x64.ActiveCfg = Debug|x64
		{0CEC2C02-C9EC-485A-8B25-26365134D2FE}.Debug|x64.Build.0 = Debug|x64
		{0CEC2C02-C9EC-485A-8B25-26365134D2FE}.Release|ARM64.ActiveCfg = Release|ARM64
		{0CEC2C02-C9EC-485A-8B25-26365134D2FE}.Release|ARM64.Build.0 = Release|ARM64
		{0CEC2C02-C9EC-485A-8B25-26365134D2FE}.Release|x64.ActiveCfg = Release|x64
		{0CEC2C02-C9EC-485A-8B25-26365134D2FE}.Release|x64.Build.0 = Release|x64
		{F15A0073-9FB2-4915-9C22-6F39F137172B}.Debug|ARM64.ActiveCfg = Debug|ARM64
		{F15A0073-9FB2-4915-9C22-6F39F137172B}.Debug|ARM64.Build.0 = Debug|ARM64
		{F15A0073-9FB2-4915-9C22-6F39F137172B}.Debug|x64.ActiveCfg = Debug|x64
		{F15A0073-9FB2-4915-9C22-6F39F137172B}.Debug|x64.Build.0 = Debug|x64
		{F15A0073-9FB2-4915-9C22-6F39F137172B}.Release|ARM64.ActiveCfg = Release|ARM64
		{F15A0073-9FB2-4915-9C22-6F39F137172B}.Release|ARM64.Build.0 = Release|ARM64
		{F15A0073-9FB2-4915-9C22-6F39F137172B}.Release|x64.ActiveCfg = Release|x64
		{76FE56EB-3664-401A-9000-5F248C0160C3}.Debug|ARM64.ActiveCfg = Debug|ARM64
		{76FE56EB-3664-401A-9000-5F248C0160C3}.Debug|ARM64.Build.0 = Debug|ARM64
		{76FE56EB-3664-401A-9000-5F248C0160C3}.Debug|x64.ActiveCfg = Debug|x64
		{76FE56EB-3664-401A-9000-5F248C0160C3}.Debug|x64.Build.0 = Debug|x64
		{76FE56EB-3664-401A-9000-5F248C0160C3}.Release|ARM64.ActiveCfg = Release|ARM64
		{76FE56EB-3664-401A-9000-5F248C0160C3}.Release|ARM64.Build.0 = Release|ARM64
		{76FE56EB-3664-401A-9000-5F248C0160C3}.Release|x64.ActiveCfg = Release|x64
	EndGlobalSection
	GlobalSection(SolutionProperties) = preSolution
		HideSolutionNode = FALSE
	EndGlobalSection
	GlobalSection(ExtensibilityGlobals) = postSolution
		SolutionGuid = {8082F8DD-60BE-41FB-A9BF-F0F0B2F45504}
	EndGlobalSection
EndGlobal
